// !$*UTF8*$!
{
	archiveVersion = 1;
	classes = {
	};
	objectVersion = 56;
	objects = {

/* Begin PBXBuildFile section */
		961609BA293875090013B783 /* CreateTweetView.swift in Sources */ = {isa = PBXBuildFile; fileRef = 961609B9293875090013B783 /* CreateTweetView.swift */; };
		961609BC29387AE10013B783 /* MultilineTextField.swift in Sources */ = {isa = PBXBuildFile; fileRef = 961609BB29387AE10013B783 /* MultilineTextField.swift */; };
		961609BE2938831B0013B783 /* TweetCellView.swift in Sources */ = {isa = PBXBuildFile; fileRef = 961609BD2938831B0013B783 /* TweetCellView.swift */; };
		9647C89A293DC0DD00B66419 /* SearchCell.swift in Sources */ = {isa = PBXBuildFile; fileRef = 9647C899293DC0DD00B66419 /* SearchCell.swift */; };
		9647C89C293DC1D400B66419 /* SearchBar.swift in Sources */ = {isa = PBXBuildFile; fileRef = 9647C89B293DC1D400B66419 /* SearchBar.swift */; };
		9647C89E293DCD8100B66419 /* SearchUserCell.swift in Sources */ = {isa = PBXBuildFile; fileRef = 9647C89D293DCD8100B66419 /* SearchUserCell.swift */; };
		9647C8A0293DCF6100B66419 /* Extension.swift in Sources */ = {isa = PBXBuildFile; fileRef = 9647C89F293DCF6100B66419 /* Extension.swift */; };
		9647C8A2293DD49700B66419 /* NotificationCell.swift in Sources */ = {isa = PBXBuildFile; fileRef = 9647C8A1293DD49700B66419 /* NotificationCell.swift */; };
		969061E629308950003044C8 /* TwiterCloneApp.swift in Sources */ = {isa = PBXBuildFile; fileRef = 969061E529308950003044C8 /* TwiterCloneApp.swift */; };
		969061EA29308953003044C8 /* Assets.xcassets in Resources */ = {isa = PBXBuildFile; fileRef = 969061E929308953003044C8 /* Assets.xcassets */; };
		969061ED29308953003044C8 /* Preview Assets.xcassets in Resources */ = {isa = PBXBuildFile; fileRef = 969061EC29308953003044C8 /* Preview Assets.xcassets */; };
		9690620229309227003044C8 /* Home.swift in Sources */ = {isa = PBXBuildFile; fileRef = 9690620129309227003044C8 /* Home.swift */; };
		96906204293098E6003044C8 /* Feed.swift in Sources */ = {isa = PBXBuildFile; fileRef = 96906203293098E6003044C8 /* Feed.swift */; };
		96906206293098F2003044C8 /* SearchView.swift in Sources */ = {isa = PBXBuildFile; fileRef = 96906205293098F2003044C8 /* SearchView.swift */; };
		9690620829309901003044C8 /* NotificationsView.swift in Sources */ = {isa = PBXBuildFile; fileRef = 9690620729309901003044C8 /* NotificationsView.swift */; };
		9690620A2930990B003044C8 /* MessagesView.swift in Sources */ = {isa = PBXBuildFile; fileRef = 969062092930990B003044C8 /* MessagesView.swift */; };
		9698794D2942F22D00881D77 /* WelcomeView.swift in Sources */ = {isa = PBXBuildFile; fileRef = 9698794C2942F22D00881D77 /* WelcomeView.swift */; };
		9698794F2942FEDC00881D77 /* RegisterView.swift in Sources */ = {isa = PBXBuildFile; fileRef = 9698794E2942FEDC00881D77 /* RegisterView.swift */; };
		96987951294304E800881D77 /* CustomAuthTextField.swift in Sources */ = {isa = PBXBuildFile; fileRef = 96987950294304E800881D77 /* CustomAuthTextField.swift */; };
		96987953294307E200881D77 /* SecureAuthTextField.swift in Sources */ = {isa = PBXBuildFile; fileRef = 96987952294307E200881D77 /* SecureAuthTextField.swift */; };
		9699073729431AB300090179 /* LoginView.swift in Sources */ = {isa = PBXBuildFile; fileRef = 9699073629431AB300090179 /* LoginView.swift */; };
		9699B5352948567300B488E4 /* Tweet.swift in Sources */ = {isa = PBXBuildFile; fileRef = 9699B5342948567300B488E4 /* Tweet.swift */; };
		9699B538294857EA00B488E4 /* CreateTweetViewModel.swift in Sources */ = {isa = PBXBuildFile; fileRef = 9699B537294857EA00B488E4 /* CreateTweetViewModel.swift */; };
		9699B53A294859DC00B488E4 /* RequestServices.swift in Sources */ = {isa = PBXBuildFile; fileRef = 9699B539294859DC00B488E4 /* RequestServices.swift */; };
		96A2453D293F0A50005233A8 /* MessageCell.swift in Sources */ = {isa = PBXBuildFile; fileRef = 96A2453C293F0A50005233A8 /* MessageCell.swift */; };
		96A2453F293F0D93005233A8 /* TapBar.swift in Sources */ = {isa = PBXBuildFile; fileRef = 96A2453E293F0D93005233A8 /* TapBar.swift */; };
		96A24541293F111B005233A8 /* MainView.swift in Sources */ = {isa = PBXBuildFile; fileRef = 96A24540293F111B005233A8 /* MainView.swift */; };
		96A24543293F13BE005233A8 /* SlideMenu.swift in Sources */ = {isa = PBXBuildFile; fileRef = 96A24542293F13BE005233A8 /* SlideMenu.swift */; };
		96A24545293F150B005233A8 /* FollowView.swift in Sources */ = {isa = PBXBuildFile; fileRef = 96A24544293F150B005233A8 /* FollowView.swift */; };
		96A2CDA22941ADA7006D48DB /* TabButton.swift in Sources */ = {isa = PBXBuildFile; fileRef = 96A2CDA12941ADA7006D48DB /* TabButton.swift */; };
		96A4174329405FBB00D08107 /* MenuButton.swift in Sources */ = {isa = PBXBuildFile; fileRef = 96A4174229405FBB00D08107 /* MenuButton.swift */; };
		96A4174529408D8200D08107 /* UserProfile.swift in Sources */ = {isa = PBXBuildFile; fileRef = 96A4174429408D8200D08107 /* UserProfile.swift */; };
		96A417472940955600D08107 /* BlurView.swift in Sources */ = {isa = PBXBuildFile; fileRef = 96A417462940955600D08107 /* BlurView.swift */; };
		96CA299D2946F5EF00A58F05 /* AuthViewModel.swift in Sources */ = {isa = PBXBuildFile; fileRef = 96CA299C2946F5EF00A58F05 /* AuthViewModel.swift */; };
		96CA299F2946F5FC00A58F05 /* User.swift in Sources */ = {isa = PBXBuildFile; fileRef = 96CA299E2946F5FC00A58F05 /* User.swift */; };
		96CA29A12947058C00A58F05 /* AuthServices.swift in Sources */ = {isa = PBXBuildFile; fileRef = 96CA29A02947058C00A58F05 /* AuthServices.swift */; };
		96CA29A4294707AF00A58F05 /* Constants.swift in Sources */ = {isa = PBXBuildFile; fileRef = 96CA29A3294707AF00A58F05 /* Constants.swift */; };
		96CA29A929474D7C00A58F05 /* ContentView.swift in Sources */ = {isa = PBXBuildFile; fileRef = 96CA29A829474D7C00A58F05 /* ContentView.swift */; };
/* End PBXBuildFile section */

/* Begin PBXFileReference section */
		961609B9293875090013B783 /* CreateTweetView.swift */ = {isa = PBXFileReference; lastKnownFileType = sourcecode.swift; path = CreateTweetView.swift; sourceTree = "<group>"; };
		961609BB29387AE10013B783 /* MultilineTextField.swift */ = {isa = PBXFileReference; lastKnownFileType = sourcecode.swift; path = MultilineTextField.swift; sourceTree = "<group>"; };
		961609BD2938831B0013B783 /* TweetCellView.swift */ = {isa = PBXFileReference; lastKnownFileType = sourcecode.swift; path = TweetCellView.swift; sourceTree = "<group>"; };
		9647C899293DC0DD00B66419 /* SearchCell.swift */ = {isa = PBXFileReference; lastKnownFileType = sourcecode.swift; path = SearchCell.swift; sourceTree = "<group>"; };
		9647C89B293DC1D400B66419 /* SearchBar.swift */ = {isa = PBXFileReference; lastKnownFileType = sourcecode.swift; path = SearchBar.swift; sourceTree = "<group>"; };
		9647C89D293DCD8100B66419 /* SearchUserCell.swift */ = {isa = PBXFileReference; lastKnownFileType = sourcecode.swift; path = SearchUserCell.swift; sourceTree = "<group>"; };
		9647C89F293DCF6100B66419 /* Extension.swift */ = {isa = PBXFileReference; lastKnownFileType = sourcecode.swift; path = Extension.swift; sourceTree = "<group>"; };
		9647C8A1293DD49700B66419 /* NotificationCell.swift */ = {isa = PBXFileReference; lastKnownFileType = sourcecode.swift; path = NotificationCell.swift; sourceTree = "<group>"; };
		969061E229308950003044C8 /* TwiterClone.app */ = {isa = PBXFileReference; explicitFileType = wrapper.application; includeInIndex = 0; path = TwiterClone.app; sourceTree = BUILT_PRODUCTS_DIR; };
		969061E529308950003044C8 /* TwiterCloneApp.swift */ = {isa = PBXFileReference; lastKnownFileType = sourcecode.swift; path = TwiterCloneApp.swift; sourceTree = "<group>"; };
		969061E929308953003044C8 /* Assets.xcassets */ = {isa = PBXFileReference; lastKnownFileType = folder.assetcatalog; path = Assets.xcassets; sourceTree = "<group>"; };
		969061EC29308953003044C8 /* Preview Assets.xcassets */ = {isa = PBXFileReference; lastKnownFileType = folder.assetcatalog; path = "Preview Assets.xcassets"; sourceTree = "<group>"; };
		9690620129309227003044C8 /* Home.swift */ = {isa = PBXFileReference; lastKnownFileType = sourcecode.swift; path = Home.swift; sourceTree = "<group>"; };
		96906203293098E6003044C8 /* Feed.swift */ = {isa = PBXFileReference; lastKnownFileType = sourcecode.swift; path = Feed.swift; sourceTree = "<group>"; };
		96906205293098F2003044C8 /* SearchView.swift */ = {isa = PBXFileReference; lastKnownFileType = sourcecode.swift; path = SearchView.swift; sourceTree = "<group>"; };
		9690620729309901003044C8 /* NotificationsView.swift */ = {isa = PBXFileReference; lastKnownFileType = sourcecode.swift; path = NotificationsView.swift; sourceTree = "<group>"; };
		969062092930990B003044C8 /* MessagesView.swift */ = {isa = PBXFileReference; lastKnownFileType = sourcecode.swift; path = MessagesView.swift; sourceTree = "<group>"; };
		9698794C2942F22D00881D77 /* WelcomeView.swift */ = {isa = PBXFileReference; lastKnownFileType = sourcecode.swift; path = WelcomeView.swift; sourceTree = "<group>"; };
		9698794E2942FEDC00881D77 /* RegisterView.swift */ = {isa = PBXFileReference; lastKnownFileType = sourcecode.swift; path = RegisterView.swift; sourceTree = "<group>"; };
		96987950294304E800881D77 /* CustomAuthTextField.swift */ = {isa = PBXFileReference; lastKnownFileType = sourcecode.swift; path = CustomAuthTextField.swift; sourceTree = "<group>"; };
		96987952294307E200881D77 /* SecureAuthTextField.swift */ = {isa = PBXFileReference; lastKnownFileType = sourcecode.swift; path = SecureAuthTextField.swift; sourceTree = "<group>"; };
		9699073629431AB300090179 /* LoginView.swift */ = {isa = PBXFileReference; lastKnownFileType = sourcecode.swift; path = LoginView.swift; sourceTree = "<group>"; };
		9699B5342948567300B488E4 /* Tweet.swift */ = {isa = PBXFileReference; lastKnownFileType = sourcecode.swift; path = Tweet.swift; sourceTree = "<group>"; };
		9699B537294857EA00B488E4 /* CreateTweetViewModel.swift */ = {isa = PBXFileReference; lastKnownFileType = sourcecode.swift; path = CreateTweetViewModel.swift; sourceTree = "<group>"; };
		9699B539294859DC00B488E4 /* RequestServices.swift */ = {isa = PBXFileReference; lastKnownFileType = sourcecode.swift; path = RequestServices.swift; sourceTree = "<group>"; };
		96A2453C293F0A50005233A8 /* MessageCell.swift */ = {isa = PBXFileReference; lastKnownFileType = sourcecode.swift; path = MessageCell.swift; sourceTree = "<group>"; };
		96A2453E293F0D93005233A8 /* TapBar.swift */ = {isa = PBXFileReference; lastKnownFileType = sourcecode.swift; path = TapBar.swift; sourceTree = "<group>"; };
		96A24540293F111B005233A8 /* MainView.swift */ = {isa = PBXFileReference; lastKnownFileType = sourcecode.swift; path = MainView.swift; sourceTree = "<group>"; };
		96A24542293F13BE005233A8 /* SlideMenu.swift */ = {isa = PBXFileReference; lastKnownFileType = sourcecode.swift; path = SlideMenu.swift; sourceTree = "<group>"; };
		96A24544293F150B005233A8 /* FollowView.swift */ = {isa = PBXFileReference; lastKnownFileType = sourcecode.swift; path = FollowView.swift; sourceTree = "<group>"; };
		96A2CDA12941ADA7006D48DB /* TabButton.swift */ = {isa = PBXFileReference; lastKnownFileType = sourcecode.swift; path = TabButton.swift; sourceTree = "<group>"; };
		96A4174229405FBB00D08107 /* MenuButton.swift */ = {isa = PBXFileReference; lastKnownFileType = sourcecode.swift; path = MenuButton.swift; sourceTree = "<group>"; };
		96A4174429408D8200D08107 /* UserProfile.swift */ = {isa = PBXFileReference; lastKnownFileType = sourcecode.swift; path = UserProfile.swift; sourceTree = "<group>"; };
		96A417462940955600D08107 /* BlurView.swift */ = {isa = PBXFileReference; lastKnownFileType = sourcecode.swift; path = BlurView.swift; sourceTree = "<group>"; };
		96CA299C2946F5EF00A58F05 /* AuthViewModel.swift */ = {isa = PBXFileReference; lastKnownFileType = sourcecode.swift; path = AuthViewModel.swift; sourceTree = "<group>"; };
		96CA299E2946F5FC00A58F05 /* User.swift */ = {isa = PBXFileReference; lastKnownFileType = sourcecode.swift; path = User.swift; sourceTree = "<group>"; };
		96CA29A02947058C00A58F05 /* AuthServices.swift */ = {isa = PBXFileReference; lastKnownFileType = sourcecode.swift; path = AuthServices.swift; sourceTree = "<group>"; };
		96CA29A3294707AF00A58F05 /* Constants.swift */ = {isa = PBXFileReference; lastKnownFileType = sourcecode.swift; path = Constants.swift; sourceTree = "<group>"; };
		96CA29A829474D7C00A58F05 /* ContentView.swift */ = {isa = PBXFileReference; lastKnownFileType = sourcecode.swift; path = ContentView.swift; sourceTree = "<group>"; };
/* End PBXFileReference section */

/* Begin PBXFrameworksBuildPhase section */
		969061DF29308950003044C8 /* Frameworks */ = {
			isa = PBXFrameworksBuildPhase;
			buildActionMask = 2147483647;
			files = (
			);
			runOnlyForDeploymentPostprocessing = 0;
		};
/* End PBXFrameworksBuildPhase section */

/* Begin PBXGroup section */
		969061D929308950003044C8 = {
			isa = PBXGroup;
			children = (
				969061E429308950003044C8 /* TwiterClone */,
				969061E329308950003044C8 /* Products */,
			);
			sourceTree = "<group>";
		};
		969061E329308950003044C8 /* Products */ = {
			isa = PBXGroup;
			children = (
				969061E229308950003044C8 /* TwiterClone.app */,
			);
			name = Products;
			sourceTree = "<group>";
		};
		969061E429308950003044C8 /* TwiterClone */ = {
			isa = PBXGroup;
			children = (
				96CA29A22947079E00A58F05 /* Constants */,
				969061F729308FDE003044C8 /* Extensions */,
				969061F629308FC7003044C8 /* Services */,
				969061F529308FB7003044C8 /* Model */,
				969061F429308FA6003044C8 /* ViewModel */,
				969061F329308F9D003044C8 /* View */,
				969061E529308950003044C8 /* TwiterCloneApp.swift */,
				969061E929308953003044C8 /* Assets.xcassets */,
				969061EB29308953003044C8 /* Preview Content */,
			);
			path = TwiterClone;
			sourceTree = "<group>";
		};
		969061EB29308953003044C8 /* Preview Content */ = {
			isa = PBXGroup;
			children = (
				969061EC29308953003044C8 /* Preview Assets.xcassets */,
			);
			path = "Preview Content";
			sourceTree = "<group>";
		};
		969061F329308F9D003044C8 /* View */ = {
			isa = PBXGroup;
			children = (
				969062002930916B003044C8 /* Main */,
				969061FF29309163003044C8 /* Feed */,
				969061FE2930915A003044C8 /* Search */,
				969061FD29309149003044C8 /* Notifications */,
				969061FC2930913A003044C8 /* Messages */,
				969061FB29309112003044C8 /* Authentication */,
				969061FA2930910C003044C8 /* Items */,
				969061F929309103003044C8 /* Post */,
				969061F8293090F5003044C8 /* Profile */,
			);
			path = View;
			sourceTree = "<group>";
		};
		969061F429308FA6003044C8 /* ViewModel */ = {
			isa = PBXGroup;
			children = (
				9699B536294857AC00B488E4 /* PostTweet */,
				96CA29A52947263E00A58F05 /* Authentication */,
			);
			path = ViewModel;
			sourceTree = "<group>";
		};
		969061F529308FB7003044C8 /* Model */ = {
			isa = PBXGroup;
			children = (
				96CA299E2946F5FC00A58F05 /* User.swift */,
				9699B5342948567300B488E4 /* Tweet.swift */,
			);
			path = Model;
			sourceTree = "<group>";
		};
		969061F629308FC7003044C8 /* Services */ = {
			isa = PBXGroup;
			children = (
				96CA29A02947058C00A58F05 /* AuthServices.swift */,
				9699B539294859DC00B488E4 /* RequestServices.swift */,
			);
			path = Services;
			sourceTree = "<group>";
		};
		969061F729308FDE003044C8 /* Extensions */ = {
			isa = PBXGroup;
			children = (
				9647C89F293DCF6100B66419 /* Extension.swift */,
			);
			path = Extensions;
			sourceTree = "<group>";
		};
		969061F8293090F5003044C8 /* Profile */ = {
			isa = PBXGroup;
			children = (
				96A4174429408D8200D08107 /* UserProfile.swift */,
				96A417462940955600D08107 /* BlurView.swift */,
			);
			path = Profile;
			sourceTree = "<group>";
		};
		969061F929309103003044C8 /* Post */ = {
			isa = PBXGroup;
			children = (
				961609B9293875090013B783 /* CreateTweetView.swift */,
			);
			path = Post;
			sourceTree = "<group>";
		};
		969061FA2930910C003044C8 /* Items */ = {
			isa = PBXGroup;
			children = (
				961609BB29387AE10013B783 /* MultilineTextField.swift */,
				9647C89B293DC1D400B66419 /* SearchBar.swift */,
				96A24544293F150B005233A8 /* FollowView.swift */,
				96A4174229405FBB00D08107 /* MenuButton.swift */,
				96A2CDA12941ADA7006D48DB /* TabButton.swift */,
				96987950294304E800881D77 /* CustomAuthTextField.swift */,
				96987952294307E200881D77 /* SecureAuthTextField.swift */,
			);
			path = Items;
			sourceTree = "<group>";
		};
		969061FB29309112003044C8 /* Authentication */ = {
			isa = PBXGroup;
			children = (
				9698794C2942F22D00881D77 /* WelcomeView.swift */,
				9698794E2942FEDC00881D77 /* RegisterView.swift */,
				9699073629431AB300090179 /* LoginView.swift */,
				96CA29A829474D7C00A58F05 /* ContentView.swift */,
			);
			path = Authentication;
			sourceTree = "<group>";
		};
		969061FC2930913A003044C8 /* Messages */ = {
			isa = PBXGroup;
			children = (
				969062092930990B003044C8 /* MessagesView.swift */,
				96A2453C293F0A50005233A8 /* MessageCell.swift */,
			);
			path = Messages;
			sourceTree = "<group>";
		};
		969061FD29309149003044C8 /* Notifications */ = {
			isa = PBXGroup;
			children = (
				9690620729309901003044C8 /* NotificationsView.swift */,
				9647C8A1293DD49700B66419 /* NotificationCell.swift */,
			);
			path = Notifications;
			sourceTree = "<group>";
		};
		969061FE2930915A003044C8 /* Search */ = {
			isa = PBXGroup;
			children = (
				96906205293098F2003044C8 /* SearchView.swift */,
				9647C899293DC0DD00B66419 /* SearchCell.swift */,
				9647C89D293DCD8100B66419 /* SearchUserCell.swift */,
			);
			path = Search;
			sourceTree = "<group>";
		};
		969061FF29309163003044C8 /* Feed */ = {
			isa = PBXGroup;
			children = (
				96906203293098E6003044C8 /* Feed.swift */,
				961609BD2938831B0013B783 /* TweetCellView.swift */,
			);
			path = Feed;
			sourceTree = "<group>";
		};
		969062002930916B003044C8 /* Main */ = {
			isa = PBXGroup;
			children = (
				9690620129309227003044C8 /* Home.swift */,
				96A2453E293F0D93005233A8 /* TapBar.swift */,
				96A24540293F111B005233A8 /* MainView.swift */,
				96A24542293F13BE005233A8 /* SlideMenu.swift */,
			);
			path = Main;
			sourceTree = "<group>";
		};
		9699B536294857AC00B488E4 /* PostTweet */ = {
			isa = PBXGroup;
			children = (
				9699B537294857EA00B488E4 /* CreateTweetViewModel.swift */,
			);
			path = PostTweet;
			sourceTree = "<group>";
		};
		96CA29A22947079E00A58F05 /* Constants */ = {
			isa = PBXGroup;
			children = (
				96CA29A3294707AF00A58F05 /* Constants.swift */,
			);
			path = Constants;
			sourceTree = "<group>";
		};
		96CA29A52947263E00A58F05 /* Authentication */ = {
			isa = PBXGroup;
			children = (
				96CA299C2946F5EF00A58F05 /* AuthViewModel.swift */,
			);
			path = Authentication;
			sourceTree = "<group>";
		};
/* End PBXGroup section */

/* Begin PBXNativeTarget section */
		969061E129308950003044C8 /* TwiterClone */ = {
			isa = PBXNativeTarget;
			buildConfigurationList = 969061F029308953003044C8 /* Build configuration list for PBXNativeTarget "TwiterClone" */;
			buildPhases = (
				969061DE29308950003044C8 /* Sources */,
				969061DF29308950003044C8 /* Frameworks */,
				969061E029308950003044C8 /* Resources */,
			);
			buildRules = (
			);
			dependencies = (
			);
			name = TwiterClone;
			productName = TwiterClone;
			productReference = 969061E229308950003044C8 /* TwiterClone.app */;
			productType = "com.apple.product-type.application";
		};
/* End PBXNativeTarget section */

/* Begin PBXProject section */
		969061DA29308950003044C8 /* Project object */ = {
			isa = PBXProject;
			attributes = {
				BuildIndependentTargetsInParallel = 1;
				LastSwiftUpdateCheck = 1410;
				LastUpgradeCheck = 1410;
				TargetAttributes = {
					969061E129308950003044C8 = {
						CreatedOnToolsVersion = 14.1;
					};
				};
			};
			buildConfigurationList = 969061DD29308950003044C8 /* Build configuration list for PBXProject "TwiterClone" */;
			compatibilityVersion = "Xcode 14.0";
			developmentRegion = en;
			hasScannedForEncodings = 0;
			knownRegions = (
				en,
				Base,
			);
			mainGroup = 969061D929308950003044C8;
			productRefGroup = 969061E329308950003044C8 /* Products */;
			projectDirPath = "";
			projectRoot = "";
			targets = (
				969061E129308950003044C8 /* TwiterClone */,
			);
		};
/* End PBXProject section */

/* Begin PBXResourcesBuildPhase section */
		969061E029308950003044C8 /* Resources */ = {
			isa = PBXResourcesBuildPhase;
			buildActionMask = 2147483647;
			files = (
				969061ED29308953003044C8 /* Preview Assets.xcassets in Resources */,
				969061EA29308953003044C8 /* Assets.xcassets in Resources */,
			);
			runOnlyForDeploymentPostprocessing = 0;
		};
/* End PBXResourcesBuildPhase section */

/* Begin PBXSourcesBuildPhase section */
		969061DE29308950003044C8 /* Sources */ = {
			isa = PBXSourcesBuildPhase;
			buildActionMask = 2147483647;
			files = (
				96A4174329405FBB00D08107 /* MenuButton.swift in Sources */,
				961609BE2938831B0013B783 /* TweetCellView.swift in Sources */,
				96A4174529408D8200D08107 /* UserProfile.swift in Sources */,
				96A24541293F111B005233A8 /* MainView.swift in Sources */,
				96A2453D293F0A50005233A8 /* MessageCell.swift in Sources */,
				9699B53A294859DC00B488E4 /* RequestServices.swift in Sources */,
				9699B5352948567300B488E4 /* Tweet.swift in Sources */,
				9647C89A293DC0DD00B66419 /* SearchCell.swift in Sources */,
				96A2453F293F0D93005233A8 /* TapBar.swift in Sources */,
				96CA29A4294707AF00A58F05 /* Constants.swift in Sources */,
				96A24543293F13BE005233A8 /* SlideMenu.swift in Sources */,
				96CA299F2946F5FC00A58F05 /* User.swift in Sources */,
				961609BA293875090013B783 /* CreateTweetView.swift in Sources */,
				96906206293098F2003044C8 /* SearchView.swift in Sources */,
				9647C89E293DCD8100B66419 /* SearchUserCell.swift in Sources */,
				9698794F2942FEDC00881D77 /* RegisterView.swift in Sources */,
				9647C89C293DC1D400B66419 /* SearchBar.swift in Sources */,
				96906204293098E6003044C8 /* Feed.swift in Sources */,
				96987951294304E800881D77 /* CustomAuthTextField.swift in Sources */,
				9690620A2930990B003044C8 /* MessagesView.swift in Sources */,
				96A24545293F150B005233A8 /* FollowView.swift in Sources */,
				96A417472940955600D08107 /* BlurView.swift in Sources */,
				9647C8A0293DCF6100B66419 /* Extension.swift in Sources */,
				9690620229309227003044C8 /* Home.swift in Sources */,
				96CA29A12947058C00A58F05 /* AuthServices.swift in Sources */,
				96CA29A929474D7C00A58F05 /* ContentView.swift in Sources */,
				961609BC29387AE10013B783 /* MultilineTextField.swift in Sources */,
				9699B538294857EA00B488E4 /* CreateTweetViewModel.swift in Sources */,
				9698794D2942F22D00881D77 /* WelcomeView.swift in Sources */,
				9699073729431AB300090179 /* LoginView.swift in Sources */,
				969061E629308950003044C8 /* TwiterCloneApp.swift in Sources */,
				96CA299D2946F5EF00A58F05 /* AuthViewModel.swift in Sources */,
				9647C8A2293DD49700B66419 /* NotificationCell.swift in Sources */,
				9690620829309901003044C8 /* NotificationsView.swift in Sources */,
				96987953294307E200881D77 /* SecureAuthTextField.swift in Sources */,
				96A2CDA22941ADA7006D48DB /* TabButton.swift in Sources */,
			);
			runOnlyForDeploymentPostprocessing = 0;
		};
/* End PBXSourcesBuildPhase section */

/* Begin XCBuildConfiguration section */
		969061EE29308953003044C8 /* Debug */ = {
			isa = XCBuildConfiguration;
			buildSettings = {
				ALWAYS_SEARCH_USER_PATHS = NO;
				CLANG_ANALYZER_NONNULL = YES;
				CLANG_ANALYZER_NUMBER_OBJECT_CONVERSION = YES_AGGRESSIVE;
				CLANG_CXX_LANGUAGE_STANDARD = "gnu++20";
				CLANG_ENABLE_MODULES = YES;
				CLANG_ENABLE_OBJC_ARC = YES;
				CLANG_ENABLE_OBJC_WEAK = YES;
				CLANG_WARN_BLOCK_CAPTURE_AUTORELEASING = YES;
				CLANG_WARN_BOOL_CONVERSION = YES;
				CLANG_WARN_COMMA = YES;
				CLANG_WARN_CONSTANT_CONVERSION = YES;
				CLANG_WARN_DEPRECATED_OBJC_IMPLEMENTATIONS = YES;
				CLANG_WARN_DIRECT_OBJC_ISA_USAGE = YES_ERROR;
				CLANG_WARN_DOCUMENTATION_COMMENTS = YES;
				CLANG_WARN_EMPTY_BODY = YES;
				CLANG_WARN_ENUM_CONVERSION = YES;
				CLANG_WARN_INFINITE_RECURSION = YES;
				CLANG_WARN_INT_CONVERSION = YES;
				CLANG_WARN_NON_LITERAL_NULL_CONVERSION = YES;
				CLANG_WARN_OBJC_IMPLICIT_RETAIN_SELF = YES;
				CLANG_WARN_OBJC_LITERAL_CONVERSION = YES;
				CLANG_WARN_OBJC_ROOT_CLASS = YES_ERROR;
				CLANG_WARN_QUOTED_INCLUDE_IN_FRAMEWORK_HEADER = YES;
				CLANG_WARN_RANGE_LOOP_ANALYSIS = YES;
				CLANG_WARN_STRICT_PROTOTYPES = YES;
				CLANG_WARN_SUSPICIOUS_MOVE = YES;
				CLANG_WARN_UNGUARDED_AVAILABILITY = YES_AGGRESSIVE;
				CLANG_WARN_UNREACHABLE_CODE = YES;
				CLANG_WARN__DUPLICATE_METHOD_MATCH = YES;
				COPY_PHASE_STRIP = NO;
				DEBUG_INFORMATION_FORMAT = dwarf;
				ENABLE_STRICT_OBJC_MSGSEND = YES;
				ENABLE_TESTABILITY = YES;
				GCC_C_LANGUAGE_STANDARD = gnu11;
				GCC_DYNAMIC_NO_PIC = NO;
				GCC_NO_COMMON_BLOCKS = YES;
				GCC_OPTIMIZATION_LEVEL = 0;
				GCC_PREPROCESSOR_DEFINITIONS = (
					"DEBUG=1",
					"$(inherited)",
				);
				GCC_WARN_64_TO_32_BIT_CONVERSION = YES;
				GCC_WARN_ABOUT_RETURN_TYPE = YES_ERROR;
				GCC_WARN_UNDECLARED_SELECTOR = YES;
				GCC_WARN_UNINITIALIZED_AUTOS = YES_AGGRESSIVE;
				GCC_WARN_UNUSED_FUNCTION = YES;
				GCC_WARN_UNUSED_VARIABLE = YES;
				IPHONEOS_DEPLOYMENT_TARGET = 16.1;
				MTL_ENABLE_DEBUG_INFO = INCLUDE_SOURCE;
				MTL_FAST_MATH = YES;
				ONLY_ACTIVE_ARCH = YES;
				SDKROOT = iphoneos;
				SWIFT_ACTIVE_COMPILATION_CONDITIONS = DEBUG;
				SWIFT_OPTIMIZATION_LEVEL = "-Onone";
			};
			name = Debug;
		};
		969061EF29308953003044C8 /* Release */ = {
			isa = XCBuildConfiguration;
			buildSettings = {
				ALWAYS_SEARCH_USER_PATHS = NO;
				CLANG_ANALYZER_NONNULL = YES;
				CLANG_ANALYZER_NUMBER_OBJECT_CONVERSION = YES_AGGRESSIVE;
				CLANG_CXX_LANGUAGE_STANDARD = "gnu++20";
				CLANG_ENABLE_MODULES = YES;
				CLANG_ENABLE_OBJC_ARC = YES;
				CLANG_ENABLE_OBJC_WEAK = YES;
				CLANG_WARN_BLOCK_CAPTURE_AUTORELEASING = YES;
				CLANG_WARN_BOOL_CONVERSION = YES;
				CLANG_WARN_COMMA = YES;
				CLANG_WARN_CONSTANT_CONVERSION = YES;
				CLANG_WARN_DEPRECATED_OBJC_IMPLEMENTATIONS = YES;
				CLANG_WARN_DIRECT_OBJC_ISA_USAGE = YES_ERROR;
				CLANG_WARN_DOCUMENTATION_COMMENTS = YES;
				CLANG_WARN_EMPTY_BODY = YES;
				CLANG_WARN_ENUM_CONVERSION = YES;
				CLANG_WARN_INFINITE_RECURSION = YES;
				CLANG_WARN_INT_CONVERSION = YES;
				CLANG_WARN_NON_LITERAL_NULL_CONVERSION = YES;
				CLANG_WARN_OBJC_IMPLICIT_RETAIN_SELF = YES;
				CLANG_WARN_OBJC_LITERAL_CONVERSION = YES;
				CLANG_WARN_OBJC_ROOT_CLASS = YES_ERROR;
				CLANG_WARN_QUOTED_INCLUDE_IN_FRAMEWORK_HEADER = YES;
				CLANG_WARN_RANGE_LOOP_ANALYSIS = YES;
				CLANG_WARN_STRICT_PROTOTYPES = YES;
				CLANG_WARN_SUSPICIOUS_MOVE = YES;
				CLANG_WARN_UNGUARDED_AVAILABILITY = YES_AGGRESSIVE;
				CLANG_WARN_UNREACHABLE_CODE = YES;
				CLANG_WARN__DUPLICATE_METHOD_MATCH = YES;
				COPY_PHASE_STRIP = NO;
				DEBUG_INFORMATION_FORMAT = "dwarf-with-dsym";
				ENABLE_NS_ASSERTIONS = NO;
				ENABLE_STRICT_OBJC_MSGSEND = YES;
				GCC_C_LANGUAGE_STANDARD = gnu11;
				GCC_NO_COMMON_BLOCKS = YES;
				GCC_WARN_64_TO_32_BIT_CONVERSION = YES;
				GCC_WARN_ABOUT_RETURN_TYPE = YES_ERROR;
				GCC_WARN_UNDECLARED_SELECTOR = YES;
				GCC_WARN_UNINITIALIZED_AUTOS = YES_AGGRESSIVE;
				GCC_WARN_UNUSED_FUNCTION = YES;
				GCC_WARN_UNUSED_VARIABLE = YES;
				IPHONEOS_DEPLOYMENT_TARGET = 16.1;
				MTL_ENABLE_DEBUG_INFO = NO;
				MTL_FAST_MATH = YES;
				SDKROOT = iphoneos;
				SWIFT_COMPILATION_MODE = wholemodule;
				SWIFT_OPTIMIZATION_LEVEL = "-O";
				VALIDATE_PRODUCT = YES;
			};
			name = Release;
		};
		969061F129308953003044C8 /* Debug */ = {
			isa = XCBuildConfiguration;
			buildSettings = {
				ASSETCATALOG_COMPILER_APPICON_NAME = AppIcon;
				ASSETCATALOG_COMPILER_GLOBAL_ACCENT_COLOR_NAME = AccentColor;
				CODE_SIGN_STYLE = Automatic;
				CURRENT_PROJECT_VERSION = 1;
				DEVELOPMENT_ASSET_PATHS = "\"TwiterClone/Preview Content\"";
				DEVELOPMENT_TEAM = JJDY4T2KQH;
				ENABLE_PREVIEWS = YES;
				GENERATE_INFOPLIST_FILE = YES;
				INFOPLIST_KEY_UIApplicationSceneManifest_Generation = YES;
				INFOPLIST_KEY_UIApplicationSupportsIndirectInputEvents = YES;
				INFOPLIST_KEY_UILaunchScreen_Generation = YES;
				INFOPLIST_KEY_UISupportedInterfaceOrientations_iPad = "UIInterfaceOrientationPortrait UIInterfaceOrientationPortraitUpsideDown UIInterfaceOrientationLandscapeLeft UIInterfaceOrientationLandscapeRight";
				INFOPLIST_KEY_UISupportedInterfaceOrientations_iPhone = "UIInterfaceOrientationPortrait UIInterfaceOrientationLandscapeLeft UIInterfaceOrientationLandscapeRight";
				LD_RUNPATH_SEARCH_PATHS = (
					"$(inherited)",
					"@executable_path/Frameworks",
				);
				MARKETING_VERSION = 1.0;
				PRODUCT_BUNDLE_IDENTIFIER = com.arrtsmgmbh.TwiterClone;
				PRODUCT_NAME = "$(TARGET_NAME)";
				SWIFT_EMIT_LOC_STRINGS = YES;
				SWIFT_VERSION = 5.0;
				TARGETED_DEVICE_FAMILY = "1,2";
			};
			name = Debug;
		};
		969061F229308953003044C8 /* Release */ = {
			isa = XCBuildConfiguration;
			buildSettings = {
				ASSETCATALOG_COMPILER_APPICON_NAME = AppIcon;
				ASSETCATALOG_COMPILER_GLOBAL_ACCENT_COLOR_NAME = AccentColor;
				CODE_SIGN_STYLE = Automatic;
				CURRENT_PROJECT_VERSION = 1;
				DEVELOPMENT_ASSET_PATHS = "\"TwiterClone/Preview Content\"";
				DEVELOPMENT_TEAM = JJDY4T2KQH;
				ENABLE_PREVIEWS = YES;
				GENERATE_INFOPLIST_FILE = YES;
				INFOPLIST_KEY_UIApplicationSceneManifest_Generation = YES;
				INFOPLIST_KEY_UIApplicationSupportsIndirectInputEvents = YES;
				INFOPLIST_KEY_UILaunchScreen_Generation = YES;
				INFOPLIST_KEY_UISupportedInterfaceOrientations_iPad = "UIInterfaceOrientationPortrait UIInterfaceOrientationPortraitUpsideDown UIInterfaceOrientationLandscapeLeft UIInterfaceOrientationLandscapeRight";
				INFOPLIST_KEY_UISupportedInterfaceOrientations_iPhone = "UIInterfaceOrientationPortrait UIInterfaceOrientationLandscapeLeft UIInterfaceOrientationLandscapeRight";
				LD_RUNPATH_SEARCH_PATHS = (
					"$(inherited)",
					"@executable_path/Frameworks",
				);
				MARKETING_VERSION = 1.0;
				PRODUCT_BUNDLE_IDENTIFIER = com.arrtsmgmbh.TwiterClone;
				PRODUCT_NAME = "$(TARGET_NAME)";
				SWIFT_EMIT_LOC_STRINGS = YES;
				SWIFT_VERSION = 5.0;
				TARGETED_DEVICE_FAMILY = "1,2";
			};
			name = Release;
		};
/* End XCBuildConfiguration section */

/* Begin XCConfigurationList section */
		969061DD29308950003044C8 /* Build configuration list for PBXProject "TwiterClone" */ = {
			isa = XCConfigurationList;
			buildConfigurations = (
				969061EE29308953003044C8 /* Debug */,
				969061EF29308953003044C8 /* Release */,
			);
			defaultConfigurationIsVisible = 0;
			defaultConfigurationName = Release;
		};
		969061F029308953003044C8 /* Build configuration list for PBXNativeTarget "TwiterClone" */ = {
			isa = XCConfigurationList;
			buildConfigurations = (
				969061F129308953003044C8 /* Debug */,
				969061F229308953003044C8 /* Release */,
			);
			defaultConfigurationIsVisible = 0;
			defaultConfigurationName = Release;
		};
/* End XCConfigurationList section */
	};
	rootObject = 969061DA29308950003044C8 /* Project object */;
}
